// !$*UTF8*$!
{
	archiveVersion = 1;
	classes = {
	};
	objectVersion = 50;
	objects = {

/* Begin PBXBuildFile section */
		C0074FF424B7128700595D75 /* AppDelegate.m in Sources */ = {isa = PBXBuildFile; fileRef = C0074FF324B7128700595D75 /* AppDelegate.m */; };
		C0074FF624B7128900595D75 /* Assets.xcassets in Resources */ = {isa = PBXBuildFile; fileRef = C0074FF524B7128900595D75 /* Assets.xcassets */; };
		C0074FF924B7128900595D75 /* MainMenu.xib in Resources */ = {isa = PBXBuildFile; fileRef = C0074FF724B7128900595D75 /* MainMenu.xib */; };
		C0074FFC24B7128900595D75 /* main.m in Sources */ = {isa = PBXBuildFile; fileRef = C0074FFB24B7128900595D75 /* main.m */; };
		C007500724B718A900595D75 /* RandomController.m in Sources */ = {isa = PBXBuildFile; fileRef = C007500624B718A900595D75 /* RandomController.m */; };
/* End PBXBuildFile section */

/* Begin PBXFileReference section */
		C0074FEF24B7128700595D75 /* RandomNumber.app */ = {isa = PBXFileReference; explicitFileType = wrapper.application; includeInIndex = 0; path = RandomNumber.app; sourceTree = BUILT_PRODUCTS_DIR; };
		C0074FF224B7128700595D75 /* AppDelegate.h */ = {isa = PBXFileReference; lastKnownFileType = sourcecode.c.h; path = AppDelegate.h; sourceTree = "<group>"; };
		C0074FF324B7128700595D75 /* AppDelegate.m */ = {isa = PBXFileReference; lastKnownFileType = sourcecode.c.objc; path = AppDelegate.m; sourceTree = "<group>"; };
		C0074FF524B7128900595D75 /* Assets.xcassets */ = {isa = PBXFileReference; lastKnownFileType = folder.assetcatalog; path = Assets.xcassets; sourceTree = "<group>"; };
		C0074FF824B7128900595D75 /* Base */ = {isa = PBXFileReference; lastKnownFileType = file.xib; name = Base; path = Base.lproj/MainMenu.xib; sourceTree = "<group>"; };
		C0074FFA24B7128900595D75 /* Info.plist */ = {isa = PBXFileReference; lastKnownFileType = text.plist.xml; path = Info.plist; sourceTree = "<group>"; };
		C0074FFB24B7128900595D75 /* main.m */ = {isa = PBXFileReference; lastKnownFileType = sourcecode.c.objc; path = main.m; sourceTree = "<group>"; };
		C0074FFD24B7128900595D75 /* RandomNumber.entitlements */ = {isa = PBXFileReference; lastKnownFileType = text.plist.entitlements; path = RandomNumber.entitlements; sourceTree = "<group>"; };
		C007500524B718A900595D75 /* RandomController.h */ = {isa = PBXFileReference; lastKnownFileType = sourcecode.c.h; path = RandomController.h; sourceTree = "<group>"; };
		C007500624B718A900595D75 /* RandomController.m */ = {isa = PBXFileReference; lastKnownFileType = sourcecode.c.objc; path = RandomController.m; sourceTree = "<group>"; };
/* End PBXFileReference section */

/* Begin PBXFrameworksBuildPhase section */
		C0074FEC24B7128700595D75 /* Frameworks */ = {
			isa = PBXFrameworksBuildPhase;
			buildActionMask = 2147483647;
			files = (
			);
			runOnlyForDeploymentPostprocessing = 0;
		};
/* End PBXFrameworksBuildPhase section */

/* Begin PBXGroup section */
		C0074FE624B7128600595D75 = {
			isa = PBXGroup;
			children = (
				C0074FF124B7128700595D75 /* RandomNumber */,
				C0074FF024B7128700595D75 /* Products */,
			);
			sourceTree = "<group>";
		};
		C0074FF024B7128700595D75 /* Products */ = {
			isa = PBXGroup;
			children = (
				C0074FEF24B7128700595D75 /* RandomNumber.app */,
			);
			name = Products;
			sourceTree = "<group>";
		};
		C0074FF124B7128700595D75 /* RandomNumber */ = {
			isa = PBXGroup;
			children = (
				C0074FF224B7128700595D75 /* AppDelegate.h */,
				C0074FF324B7128700595D75 /* AppDelegate.m */,
				C0074FF524B7128900595D75 /* Assets.xcassets */,
				C0074FF724B7128900595D75 /* MainMenu.xib */,
				C0074FFA24B7128900595D75 /* Info.plist */,
				C0074FFB24B7128900595D75 /* main.m */,
				C0074FFD24B7128900595D75 /* RandomNumber.entitlements */,
				C007500524B718A900595D75 /* RandomController.h */,
				C007500624B718A900595D75 /* RandomController.m */,
			);
			path = RandomNumber;
			sourceTree = "<group>";
		};
/* End PBXGroup section */

/* Begin PBXNativeTarget section */
		C0074FEE24B7128700595D75 /* RandomNumber */ = {
			isa = PBXNativeTarget;
			buildConfigurationList = C007500024B7128900595D75 /* Build configuration list for PBXNativeTarget "RandomNumber" */;
			buildPhases = (
				C0074FEB24B7128700595D75 /* Sources */,
				C0074FEC24B7128700595D75 /* Frameworks */,
				C0074FED24B7128700595D75 /* Resources */,
			);
			buildRules = (
			);
			dependencies = (
			);
			name = RandomNumber;
			productName = RandomNumber;
			productReference = C0074FEF24B7128700595D75 /* RandomNumber.app */;
			productType = "com.apple.product-type.application";
		};
/* End PBXNativeTarget section */

/* Begin PBXProject section */
		C0074FE724B7128600595D75 /* Project object */ = {
			isa = PBXProject;
			attributes = {
				LastUpgradeCheck = 1150;
				ORGANIZATIONNAME = "Jacobo Tapia";
				TargetAttributes = {
					C0074FEE24B7128700595D75 = {
						CreatedOnToolsVersion = 11.5;
					};
				};
			};
			buildConfigurationList = C0074FEA24B7128600595D75 /* Build configuration list for PBXProject "RandomNumber" */;
			compatibilityVersion = "Xcode 9.3";
			developmentRegion = en;
			hasScannedForEncodings = 0;
			knownRegions = (
				en,
				Base,
			);
			mainGroup = C0074FE624B7128600595D75;
			productRefGroup = C0074FF024B7128700595D75 /* Products */;
			projectDirPath = "";
			projectRoot = "";
			targets = (
				C0074FEE24B7128700595D75 /* RandomNumber */,
			);
		};
/* End PBXProject section */

/* Begin PBXResourcesBuildPhase section */
		C0074FED24B7128700595D75 /* Resources */ = {
			isa = PBXResourcesBuildPhase;
			buildActionMask = 2147483647;
			files = (
				C0074FF624B7128900595D75 /* Assets.xcassets in Resources */,
				C0074FF924B7128900595D75 /* MainMenu.xib in Resources */,
			);
			runOnlyForDeploymentPostprocessing = 0;
		};
/* End PBXResourcesBuildPhase section */

/* Begin PBXSourcesBuildPhase section */
		C0074FEB24B7128700595D75 /* Sources */ = {
			isa = PBXSourcesBuildPhase;
			buildActionMask = 2147483647;
			files = (
				C007500724B718A900595D75 /* RandomController.m in Sources */,
				C0074FFC24B7128900595D75 /* main.m in Sources */,
				C0074FF424B7128700595D75 /* AppDelegate.m in Sources */,
			);
			runOnlyForDeploymentPostprocessing = 0;
		};
/* End PBXSourcesBuildPhase section */

/* Begin PBXVariantGroup section */
		C0074FF724B7128900595D75 /* MainMenu.xib */ = {
			isa = PBXVariantGroup;
			children = (
				C0074FF824B7128900595D75 /* Base */,
			);
			name = MainMenu.xib;
			sourceTree = "<group>";
		};
/* End PBXVariantGroup section */

/* Begin XCBuildConfiguration section */
		C0074FFE24B7128900595D75 /* Debug */ = {
			isa = XCBuildConfiguration;
			buildSettings = {
				ALWAYS_SEARCH_USER_PATHS = NO;
				CLANG_ANALYZER_NONNULL = YES;
				CLANG_ANALYZER_NUMBER_OBJECT_CONVERSION = YES_AGGRESSIVE;
				CLANG_CXX_LANGUAGE_STANDARD = "gnu++14";
				CLANG_CXX_LIBRARY = "libc++";
				CLANG_ENABLE_MODULES = YES;
				CLANG_ENABLE_OBJC_ARC = YES;
				CLANG_ENABLE_OBJC_WEAK = YES;
				CLANG_WARN_BLOCK_CAPTURE_AUTORELEASING = YES;
				CLANG_WARN_BOOL_CONVERSION = YES;
				CLANG_WARN_COMMA = YES;
				CLANG_WARN_CONSTANT_CONVERSION = YES;
				CLANG_WARN_DEPRECATED_OBJC_IMPLEMENTATIONS = YES;
				CLANG_WARN_DIRECT_OBJC_ISA_USAGE = YES_ERROR;
				CLANG_WARN_DOCUMENTATION_COMMENTS = YES;
				CLANG_WARN_EMPTY_BODY = YES;
				CLANG_WARN_ENUM_CONVERSION = YES;
				CLANG_WARN_INFINITE_RECURSION = YES;
				CLANG_WARN_INT_CONVERSION = YES;
				CLANG_WARN_NON_LITERAL_NULL_CONVERSION = YES;
				CLANG_WARN_OBJC_IMPLICIT_RETAIN_SELF = YES;
				CLANG_WARN_OBJC_LITERAL_CONVERSION = YES;
				CLANG_WARN_OBJC_ROOT_CLASS = YES_ERROR;
				CLANG_WARN_RANGE_LOOP_ANALYSIS = YES;
				CLANG_WARN_STRICT_PROTOTYPES = YES;
				CLANG_WARN_SUSPICIOUS_MOVE = YES;
				CLANG_WARN_UNGUARDED_AVAILABILITY = YES_AGGRESSIVE;
				CLANG_WARN_UNREACHABLE_CODE = YES;
				CLANG_WARN__DUPLICATE_METHOD_MATCH = YES;
				COPY_PHASE_STRIP = NO;
				DEBUG_INFORMATION_FORMAT = dwarf;
				ENABLE_STRICT_OBJC_MSGSEND = YES;
				ENABLE_TESTABILITY = YES;
				GCC_C_LANGUAGE_STANDARD = gnu11;
				GCC_DYNAMIC_NO_PIC = NO;
				GCC_NO_COMMON_BLOCKS = YES;
				GCC_OPTIMIZATION_LEVEL = 0;
				GCC_PREPROCESSOR_DEFINITIONS = (
					"DEBUG=1",
					"$(inherited)",
				);
				GCC_WARN_64_TO_32_BIT_CONVERSION = YES;
				GCC_WARN_ABOUT_RETURN_TYPE = YES_ERROR;
				GCC_WARN_UNDECLARED_SELECTOR = YES;
				GCC_WARN_UNINITIALIZED_AUTOS = YES_AGGRESSIVE;
				GCC_WARN_UNUSED_FUNCTION = YES;
				GCC_WARN_UNUSED_VARIABLE = YES;
				MACOSX_DEPLOYMENT_TARGET = 10.15;
				MTL_ENABLE_DEBUG_INFO = INCLUDE_SOURCE;
				MTL_FAST_MATH = YES;
				ONLY_ACTIVE_ARCH = YES;
				SDKROOT = macosx;
			};
			name = Debug;
		};
		C0074FFF24B7128900595D75 /* Release */ = {
			isa = XCBuildConfiguration;
			buildSettings = {
				ALWAYS_SEARCH_USER_PATHS = NO;
				CLANG_ANALYZER_NONNULL = YES;
				CLANG_ANALYZER_NUMBER_OBJECT_CONVERSION = YES_AGGRESSIVE;
				CLANG_CXX_LANGUAGE_STANDARD = "gnu++14";
				CLANG_CXX_LIBRARY = "libc++";
				CLANG_ENABLE_MODULES = YES;
				CLANG_ENABLE_OBJC_ARC = YES;
				CLANG_ENABLE_OBJC_WEAK = YES;
				CLANG_WARN_BLOCK_CAPTURE_AUTORELEASING = YES;
				CLANG_WARN_BOOL_CONVERSION = YES;
				CLANG_WARN_COMMA = YES;
				CLANG_WARN_CONSTANT_CONVERSION = YES;
				CLANG_WARN_DEPRECATED_OBJC_IMPLEMENTATIONS = YES;
				CLANG_WARN_DIRECT_OBJC_ISA_USAGE = YES_ERROR;
				CLANG_WARN_DOCUMENTATION_COMMENTS = YES;
				CLANG_WARN_EMPTY_BODY = YES;
				CLANG_WARN_ENUM_CONVERSION = YES;
				CLANG_WARN_INFINITE_RECURSION = YES;
				CLANG_WARN_INT_CONVERSION = YES;
				CLANG_WARN_NON_LITERAL_NULL_CONVERSION = YES;
				CLANG_WARN_OBJC_IMPLICIT_RETAIN_SELF = YES;
				CLANG_WARN_OBJC_LITERAL_CONVERSION = YES;
				CLANG_WARN_OBJC_ROOT_CLASS = YES_ERROR;
				CLANG_WARN_RANGE_LOOP_ANALYSIS = YES;
				CLANG_WARN_STRICT_PROTOTYPES = YES;
				CLANG_WARN_SUSPICIOUS_MOVE = YES;
				CLANG_WARN_UNGUARDED_AVAILABILITY = YES_AGGRESSIVE;
				CLANG_WARN_UNREACHABLE_CODE = YES;
				CLANG_WARN__DUPLICATE_METHOD_MATCH = YES;
				COPY_PHASE_STRIP = NO;
				DEBUG_INFORMATION_FORMAT = "dwarf-with-dsym";
				ENABLE_NS_ASSERTIONS = NO;
				ENABLE_STRICT_OBJC_MSGSEND = YES;
				GCC_C_LANGUAGE_STANDARD = gnu11;
				GCC_NO_COMMON_BLOCKS = YES;
				GCC_WARN_64_TO_32_BIT_CONVERSION = YES;
				GCC_WARN_ABOUT_RETURN_TYPE = YES_ERROR;
				GCC_WARN_UNDECLARED_SELECTOR = YES;
				GCC_WARN_UNINITIALIZED_AUTOS = YES_AGGRESSIVE;
				GCC_WARN_UNUSED_FUNCTION = YES;
				GCC_WARN_UNUSED_VARIABLE = YES;
				MACOSX_DEPLOYMENT_TARGET = 10.15;
				MTL_ENABLE_DEBUG_INFO = NO;
				MTL_FAST_MATH = YES;
				SDKROOT = macosx;
			};
			name = Release;
		};
		C007500124B7128900595D75 /* Debug */ = {
			isa = XCBuildConfiguration;
			buildSettings = {
				ASSETCATALOG_COMPILER_APPICON_NAME = AppIcon;
				CODE_SIGN_ENTITLEMENTS = RandomNumber/RandomNumber.entitlements;
				CODE_SIGN_STYLE = Automatic;
				COMBINE_HIDPI_IMAGES = YES;
				INFOPLIST_FILE = RandomNumber/Info.plist;
				LD_RUNPATH_SEARCH_PATHS = (
					"$(inherited)",
					"@executable_path/../Frameworks",
				);
				PRODUCT_BUNDLE_IDENTIFIER = jatapiaro.RandomNumber;
				PRODUCT_NAME = "$(TARGET_NAME)";
			};
			name = Debug;
		};
		C007500224B7128900595D75 /* Release */ = {
			isa = XCBuildConfiguration;
			buildSettings = {
				ASSETCATALOG_COMPILER_APPICON_NAME = AppIcon;
				CODE_SIGN_ENTITLEMENTS = RandomNumber/RandomNumber.entitlements;
				CODE_SIGN_STYLE = Automatic;
				COMBINE_HIDPI_IMAGES = YES;
				INFOPLIST_FILE = RandomNumber/Info.plist;
				LD_RUNPATH_SEARCH_PATHS = (
					"$(inherited)",
					"@executable_path/../Frameworks",
				);
				PRODUCT_BUNDLE_IDENTIFIER = jatapiaro.RandomNumber;
				PRODUCT_NAME = "$(TARGET_NAME)";
			};
			name = Release;
		};
/* End XCBuildConfiguration section */

/* Begin XCConfigurationList section */
		C0074FEA24B7128600595D75 /* Build configuration list for PBXProject "RandomNumber" */ = {
			isa = XCConfigurationList;
			buildConfigurations = (
				C0074FFE24B7128900595D75 /* Debug */,
				C0074FFF24B7128900595D75 /* Release */,
			);
			defaultConfigurationIsVisible = 0;
			defaultConfigurationName = Release;
		};
		C007500024B7128900595D75 /* Build configuration list for PBXNativeTarget "RandomNumber" */ = {
			isa = XCConfigurationList;
			buildConfigurations = (
				C007500124B7128900595D75 /* Debug */,
				C007500224B7128900595D75 /* Release */,
			);
			defaultConfigurationIsVisible = 0;
			defaultConfigurationName = Release;
		};
/* End XCConfigurationList section */
	};
	rootObject = C0074FE724B7128600595D75 /* Project object */;
}
